
Microsoft Visual Studio Solution File, Format Version 12.00
# Visual Studio Version 17
VisualStudioVersion = 17.8.34330.188
MinimumVisualStudioVersion = 10.0.40219.1
Project("{D954291E-2A0B-460D-934E-DC6B0785DB48}") = "CSharp-420-413", "CSharp-420-413.shproj", "{669414E8-FD72-460C-8047-C3C50993CB43}"
EndProject
Global
	GlobalSection(SolutionProperties) = preSolution
		HideSolutionNode = FALSE
	EndGlobalSection
	GlobalSection(ExtensibilityGlobals) = postSolution
		SolutionGuid = {7434C060-CE68-4373-A5C2-782A34E8B91C}
	EndGlobalSection
	GlobalSection(SharedMSBuildProjectFiles) = preSolution
		CSharp-420-413.projitems*{669414e8-fd72-460c-8047-c3c50993cb43}*SharedItemsImports = 13
	EndGlobalSection
EndGlobal
