
Microsoft Visual Studio Solution File, Format Version 12.00
# Visual Studio Version 17
VisualStudioVersion = 17.9.34622.214
MinimumVisualStudioVersion = 10.0.40219.1
Project("{FAE04EC0-301F-11D3-BF4B-00C04F79EFBC}") = "MauiAppCheckSplitter", "MauiAppCheckSplitter\MauiAppCheckSplitter.csproj", "{262D9EEB-643E-4D33-B10D-5AFA3DD55AAF}"
EndProject
Global
	GlobalSection(SolutionConfigurationPlatforms) = preSolution
		Debug|Any CPU = Debug|Any CPU
		Release|Any CPU = Release|Any CPU
	EndGlobalSection
	GlobalSection(ProjectConfigurationPlatforms) = postSolution
		{262D9EEB-643E-4D33-B10D-5AFA3DD55AAF}.Debug|Any CPU.ActiveCfg = Debug|Any CPU
		{262D9EEB-643E-4D33-B10D-5AFA3DD55AAF}.Debug|Any CPU.Build.0 = Debug|Any CPU
		{262D9EEB-643E-4D33-B10D-5AFA3DD55AAF}.Debug|Any CPU.Deploy.0 = Debug|Any CPU
		{262D9EEB-643E-4D33-B10D-5AFA3DD55AAF}.Release|Any CPU.ActiveCfg = Release|Any CPU
		{262D9EEB-643E-4D33-B10D-5AFA3DD55AAF}.Release|Any CPU.Build.0 = Release|Any CPU
		{262D9EEB-643E-4D33-B10D-5AFA3DD55AAF}.Release|Any CPU.Deploy.0 = Release|Any CPU
	EndGlobalSection
	GlobalSection(SolutionProperties) = preSolution
		HideSolutionNode = FALSE
	EndGlobalSection
	GlobalSection(ExtensibilityGlobals) = postSolution
		SolutionGuid = {A89225B9-76D1-43A3-861A-0EF8CD6384A1}
	EndGlobalSection
EndGlobal
